
Microsoft Visual Studio Solution File, Format Version 12.00
# Visual Studio Version 17
VisualStudioVersion = 17.14.37012.4
MinimumVisualStudioVersion = 10.0.40219.1
Project("{FAE04EC0-301F-11D3-BF4B-00C04F79EFBC}") = "GoodHamburger.Api", "GoodHamburger.Api\GoodHamburger.Api.csproj", "{404E4545-8C7D-4EEB-ABF6-0BCADA8D3612}"
EndProject
Project("{FAE04EC0-301F-11D3-BF4B-00C04F79EFBC}") = "GoodHamburger.Models", "GoodHamburger.Models\GoodHamburger.Models.csproj", "{C1723C74-B0D4-4103-9C50-0D6BF3323DE2}"
EndProject
Project("{FAE04EC0-301F-11D3-BF4B-00C04F79EFBC}") = "GoodHamburger.App", "GoodHamburger.App\GoodHamburger.App.csproj", "{F54227D5-92AB-4466-B8D6-FE3DCE46C71B}"
EndProject
Global
	GlobalSection(SolutionConfigurationPlatforms) = preSolution
		Debug|Any CPU = Debug|Any CPU
		Release|Any CPU = Release|Any CPU
	EndGlobalSection
	GlobalSection(ProjectConfigurationPlatforms) = postSolution
		{404E4545-8C7D-4EEB-ABF6-0BCADA8D3612}.Debug|Any CPU.ActiveCfg = Debug|Any CPU
		{404E4545-8C7D-4EEB-ABF6-0BCADA8D3612}.Debug|Any CPU.Build.0 = Debug|Any CPU
		{404E4545-8C7D-4EEB-ABF6-0BCADA8D3612}.Release|Any CPU.ActiveCfg = Release|Any CPU
		{404E4545-8C7D-4EEB-ABF6-0BCADA8D3612}.Release|Any CPU.Build.0 = Release|Any CPU
		{C1723C74-B0D4-4103-9C50-0D6BF3323DE2}.Debug|Any CPU.ActiveCfg = Debug|Any CPU
		{C1723C74-B0D4-4103-9C50-0D6BF3323DE2}.Debug|Any CPU.Build.0 = Debug|Any CPU
		{C1723C74-B0D4-4103-9C50-0D6BF3323DE2}.Release|Any CPU.ActiveCfg = Release|Any CPU
		{C1723C74-B0D4-4103-9C50-0D6BF3323DE2}.Release|Any CPU.Build.0 = Release|Any CPU
		{F54227D5-92AB-4466-B8D6-FE3DCE46C71B}.Debug|Any CPU.ActiveCfg = Debug|Any CPU
		{F54227D5-92AB-4466-B8D6-FE3DCE46C71B}.Debug|Any CPU.Build.0 = Debug|Any CPU
		{F54227D5-92AB-4466-B8D6-FE3DCE46C71B}.Release|Any CPU.ActiveCfg = Release|Any CPU
		{F54227D5-92AB-4466-B8D6-FE3DCE46C71B}.Release|Any CPU.Build.0 = Release|Any CPU
	EndGlobalSection
	GlobalSection(SolutionProperties) = preSolution
		HideSolutionNode = FALSE
	EndGlobalSection
	GlobalSection(ExtensibilityGlobals) = postSolution
		SolutionGuid = {DDE690EF-7781-4749-AA4A-51AAEF1A707D}
	EndGlobalSection
EndGlobal
